// !$*UTF8*$!
{
	archiveVersion = 1;
	classes = {
	};
	objectVersion = 77;
	objects = {

/* Begin PBXContainerItemProxy section */
		837CEFAE2D4D44DA002D788F /* PBXContainerItemProxy */ = {
			isa = PBXContainerItemProxy;
			containerPortal = 837CEF942D4D44D8002D788F /* Project object */;
			proxyType = 1;
			remoteGlobalIDString = 837CEF9B2D4D44D8002D788F;
			remoteInfo = "RickAndMorty-SwiftUI";
		};
		837CEFB82D4D44DA002D788F /* PBXContainerItemProxy */ = {
			isa = PBXContainerItemProxy;
			containerPortal = 837CEF942D4D44D8002D788F /* Project object */;
			proxyType = 1;
			remoteGlobalIDString = 837CEF9B2D4D44D8002D788F;
			remoteInfo = "RickAndMorty-SwiftUI";
		};
/* End PBXContainerItemProxy section */

/* Begin PBXFileReference section */
		837CEF9C2D4D44D8002D788F /* RickAndMorty-SwiftUI.app */ = {isa = PBXFileReference; explicitFileType = wrapper.application; includeInIndex = 0; path = "RickAndMorty-SwiftUI.app"; sourceTree = BUILT_PRODUCTS_DIR; };
		837CEFAD2D4D44DA002D788F /* RickAndMorty-SwiftUITests.xctest */ = {isa = PBXFileReference; explicitFileType = wrapper.cfbundle; includeInIndex = 0; path = "RickAndMorty-SwiftUITests.xctest"; sourceTree = BUILT_PRODUCTS_DIR; };
		837CEFB72D4D44DA002D788F /* RickAndMorty-SwiftUIUITests.xctest */ = {isa = PBXFileReference; explicitFileType = wrapper.cfbundle; includeInIndex = 0; path = "RickAndMorty-SwiftUIUITests.xctest"; sourceTree = BUILT_PRODUCTS_DIR; };
/* End PBXFileReference section */

/* Begin PBXFileSystemSynchronizedRootGroup section */
		837CEF9E2D4D44D8002D788F /* RickAndMorty-SwiftUI */ = {
			isa = PBXFileSystemSynchronizedRootGroup;
			path = "RickAndMorty-SwiftUI";
			sourceTree = "<group>";
		};
		837CEFB02D4D44DA002D788F /* RickAndMorty-SwiftUITests */ = {
			isa = PBXFileSystemSynchronizedRootGroup;
			path = "RickAndMorty-SwiftUITests";
			sourceTree = "<group>";
		};
		837CEFBA2D4D44DA002D788F /* RickAndMorty-SwiftUIUITests */ = {
			isa = PBXFileSystemSynchronizedRootGroup;
			path = "RickAndMorty-SwiftUIUITests";
			sourceTree = "<group>";
		};
/* End PBXFileSystemSynchronizedRootGroup section */

/* Begin PBXFrameworksBuildPhase section */
		837CEF992D4D44D8002D788F /* Frameworks */ = {
			isa = PBXFrameworksBuildPhase;
			buildActionMask = 2147483647;
			files = (
			);
			runOnlyForDeploymentPostprocessing = 0;
		};
		837CEFAA2D4D44DA002D788F /* Frameworks */ = {
			isa = PBXFrameworksBuildPhase;
			buildActionMask = 2147483647;
			files = (
			);
			runOnlyForDeploymentPostprocessing = 0;
		};
		837CEFB42D4D44DA002D788F /* Frameworks */ = {
			isa = PBXFrameworksBuildPhase;
			buildActionMask = 2147483647;
			files = (
			);
			runOnlyForDeploymentPostprocessing = 0;
		};
/* End PBXFrameworksBuildPhase section */

/* Begin PBXGroup section */
		837CEF932D4D44D8002D788F = {
			isa = PBXGroup;
			children = (
				837CEF9E2D4D44D8002D788F /* RickAndMorty-SwiftUI */,
				837CEFB02D4D44DA002D788F /* RickAndMorty-SwiftUITests */,
				837CEFBA2D4D44DA002D788F /* RickAndMorty-SwiftUIUITests */,
				837CEF9D2D4D44D8002D788F /* Products */,
			);
			sourceTree = "<group>";
		};
		837CEF9D2D4D44D8002D788F /* Products */ = {
			isa = PBXGroup;
			children = (
				837CEF9C2D4D44D8002D788F /* RickAndMorty-SwiftUI.app */,
				837CEFAD2D4D44DA002D788F /* RickAndMorty-SwiftUITests.xctest */,
				837CEFB72D4D44DA002D788F /* RickAndMorty-SwiftUIUITests.xctest */,
			);
			name = Products;
			sourceTree = "<group>";
		};
/* End PBXGroup section */

/* Begin PBXNativeTarget section */
		837CEF9B2D4D44D8002D788F /* RickAndMorty-SwiftUI */ = {
			isa = PBXNativeTarget;
			buildConfigurationList = 837CEFC12D4D44DA002D788F /* Build configuration list for PBXNativeTarget "RickAndMorty-SwiftUI" */;
			buildPhases = (
				837CEF982D4D44D8002D788F /* Sources */,
				837CEF992D4D44D8002D788F /* Frameworks */,
				837CEF9A2D4D44D8002D788F /* Resources */,
			);
			buildRules = (
			);
			dependencies = (
			);
			fileSystemSynchronizedGroups = (
				837CEF9E2D4D44D8002D788F /* RickAndMorty-SwiftUI */,
			);
			name = "RickAndMorty-SwiftUI";
			packageProductDependencies = (
			);
			productName = "RickAndMorty-SwiftUI";
			productReference = 837CEF9C2D4D44D8002D788F /* RickAndMorty-SwiftUI.app */;
			productType = "com.apple.product-type.application";
		};
		837CEFAC2D4D44DA002D788F /* RickAndMorty-SwiftUITests */ = {
			isa = PBXNativeTarget;
			buildConfigurationList = 837CEFC42D4D44DA002D788F /* Build configuration list for PBXNativeTarget "RickAndMorty-SwiftUITests" */;
			buildPhases = (
				837CEFA92D4D44DA002D788F /* Sources */,
				837CEFAA2D4D44DA002D788F /* Frameworks */,
				837CEFAB2D4D44DA002D788F /* Resources */,
			);
			buildRules = (
			);
			dependencies = (
				837CEFAF2D4D44DA002D788F /* PBXTargetDependency */,
			);
			fileSystemSynchronizedGroups = (
				837CEFB02D4D44DA002D788F /* RickAndMorty-SwiftUITests */,
			);
			name = "RickAndMorty-SwiftUITests";
			packageProductDependencies = (
			);
			productName = "RickAndMorty-SwiftUITests";
			productReference = 837CEFAD2D4D44DA002D788F /* RickAndMorty-SwiftUITests.xctest */;
			productType = "com.apple.product-type.bundle.unit-test";
		};
		837CEFB62D4D44DA002D788F /* RickAndMorty-SwiftUIUITests */ = {
			isa = PBXNativeTarget;
			buildConfigurationList = 837CEFC72D4D44DA002D788F /* Build configuration list for PBXNativeTarget "RickAndMorty-SwiftUIUITests" */;
			buildPhases = (
				837CEFB32D4D44DA002D788F /* Sources */,
				837CEFB42D4D44DA002D788F /* Frameworks */,
				837CEFB52D4D44DA002D788F /* Resources */,
			);
			buildRules = (
			);
			dependencies = (
				837CEFB92D4D44DA002D788F /* PBXTargetDependency */,
			);
			fileSystemSynchronizedGroups = (
				837CEFBA2D4D44DA002D788F /* RickAndMorty-SwiftUIUITests */,
			);
			name = "RickAndMorty-SwiftUIUITests";
			packageProductDependencies = (
			);
			productName = "RickAndMorty-SwiftUIUITests";
			productReference = 837CEFB72D4D44DA002D788F /* RickAndMorty-SwiftUIUITests.xctest */;
			productType = "com.apple.product-type.bundle.ui-testing";
		};
/* End PBXNativeTarget section */

/* Begin PBXProject section */
		837CEF942D4D44D8002D788F /* Project object */ = {
			isa = PBXProject;
			attributes = {
				BuildIndependentTargetsInParallel = 1;
				LastSwiftUpdateCheck = 1620;
				LastUpgradeCheck = 1620;
				TargetAttributes = {
					837CEF9B2D4D44D8002D788F = {
						CreatedOnToolsVersion = 16.2;
					};
					837CEFAC2D4D44DA002D788F = {
						CreatedOnToolsVersion = 16.2;
						TestTargetID = 837CEF9B2D4D44D8002D788F;
					};
					837CEFB62D4D44DA002D788F = {
						CreatedOnToolsVersion = 16.2;
						TestTargetID = 837CEF9B2D4D44D8002D788F;
					};
				};
			};
			buildConfigurationList = 837CEF972D4D44D8002D788F /* Build configuration list for PBXProject "RickAndMorty-SwiftUI" */;
			developmentRegion = en;
			hasScannedForEncodings = 0;
			knownRegions = (
				en,
				Base,
			);
			mainGroup = 837CEF932D4D44D8002D788F;
			minimizedProjectReferenceProxies = 1;
			preferredProjectObjectVersion = 77;
			productRefGroup = 837CEF9D2D4D44D8002D788F /* Products */;
			projectDirPath = "";
			projectRoot = "";
			targets = (
				837CEF9B2D4D44D8002D788F /* RickAndMorty-SwiftUI */,
				837CEFAC2D4D44DA002D788F /* RickAndMorty-SwiftUITests */,
				837CEFB62D4D44DA002D788F /* RickAndMorty-SwiftUIUITests */,
			);
		};
/* End PBXProject section */

/* Begin PBXResourcesBuildPhase section */
		837CEF9A2D4D44D8002D788F /* Resources */ = {
			isa = PBXResourcesBuildPhase;
			buildActionMask = 2147483647;
			files = (
			);
			runOnlyForDeploymentPostprocessing = 0;
		};
		837CEFAB2D4D44DA002D788F /* Resources */ = {
			isa = PBXResourcesBuildPhase;
			buildActionMask = 2147483647;
			files = (
			);
			runOnlyForDeploymentPostprocessing = 0;
		};
		837CEFB52D4D44DA002D788F /* Resources */ = {
			isa = PBXResourcesBuildPhase;
			buildActionMask = 2147483647;
			files = (
			);
			runOnlyForDeploymentPostprocessing = 0;
		};
/* End PBXResourcesBuildPhase section */

/* Begin PBXSourcesBuildPhase section */
		837CEF982D4D44D8002D788F /* Sources */ = {
			isa = PBXSourcesBuildPhase;
			buildActionMask = 2147483647;
			files = (
			);
			runOnlyForDeploymentPostprocessing = 0;
		};
		837CEFA92D4D44DA002D788F /* Sources */ = {
			isa = PBXSourcesBuildPhase;
			buildActionMask = 2147483647;
			files = (
			);
			runOnlyForDeploymentPostprocessing = 0;
		};
		837CEFB32D4D44DA002D788F /* Sources */ = {
			isa = PBXSourcesBuildPhase;
			buildActionMask = 2147483647;
			files = (
			);
			runOnlyForDeploymentPostprocessing = 0;
		};
/* End PBXSourcesBuildPhase section */

/* Begin PBXTargetDependency section */
		837CEFAF2D4D44DA002D788F /* PBXTargetDependency */ = {
			isa = PBXTargetDependency;
			target = 837CEF9B2D4D44D8002D788F /* RickAndMorty-SwiftUI */;
			targetProxy = 837CEFAE2D4D44DA002D788F /* PBXContainerItemProxy */;
		};
		837CEFB92D4D44DA002D788F /* PBXTargetDependency */ = {
			isa = PBXTargetDependency;
			target = 837CEF9B2D4D44D8002D788F /* RickAndMorty-SwiftUI */;
			targetProxy = 837CEFB82D4D44DA002D788F /* PBXContainerItemProxy */;
		};
/* End PBXTargetDependency section */

/* Begin XCBuildConfiguration section */
		837CEFBF2D4D44DA002D788F /* Debug */ = {
			isa = XCBuildConfiguration;
			buildSettings = {
				ALWAYS_SEARCH_USER_PATHS = NO;
				ASSETCATALOG_COMPILER_GENERATE_SWIFT_ASSET_SYMBOL_EXTENSIONS = YES;
				CLANG_ANALYZER_NONNULL = YES;
				CLANG_ANALYZER_NUMBER_OBJECT_CONVERSION = YES_AGGRESSIVE;
				CLANG_CXX_LANGUAGE_STANDARD = "gnu++20";
				CLANG_ENABLE_MODULES = YES;
				CLANG_ENABLE_OBJC_ARC = YES;
				CLANG_ENABLE_OBJC_WEAK = YES;
				CLANG_WARN_BLOCK_CAPTURE_AUTORELEASING = YES;
				CLANG_WARN_BOOL_CONVERSION = YES;
				CLANG_WARN_COMMA = YES;
				CLANG_WARN_CONSTANT_CONVERSION = YES;
				CLANG_WARN_DEPRECATED_OBJC_IMPLEMENTATIONS = YES;
				CLANG_WARN_DIRECT_OBJC_ISA_USAGE = YES_ERROR;
				CLANG_WARN_DOCUMENTATION_COMMENTS = YES;
				CLANG_WARN_EMPTY_BODY = YES;
				CLANG_WARN_ENUM_CONVERSION = YES;
				CLANG_WARN_INFINITE_RECURSION = YES;
				CLANG_WARN_INT_CONVERSION = YES;
				CLANG_WARN_NON_LITERAL_NULL_CONVERSION = YES;
				CLANG_WARN_OBJC_IMPLICIT_RETAIN_SELF = YES;
				CLANG_WARN_OBJC_LITERAL_CONVERSION = YES;
				CLANG_WARN_OBJC_ROOT_CLASS = YES_ERROR;
				CLANG_WARN_QUOTED_INCLUDE_IN_FRAMEWORK_HEADER = YES;
				CLANG_WARN_RANGE_LOOP_ANALYSIS = YES;
				CLANG_WARN_STRICT_PROTOTYPES = YES;
				CLANG_WARN_SUSPICIOUS_MOVE = YES;
				CLANG_WARN_UNGUARDED_AVAILABILITY = YES_AGGRESSIVE;
				CLANG_WARN_UNREACHABLE_CODE = YES;
				CLANG_WARN__DUPLICATE_METHOD_MATCH = YES;
				COPY_PHASE_STRIP = NO;
				DEBUG_INFORMATION_FORMAT = dwarf;
				ENABLE_STRICT_OBJC_MSGSEND = YES;
				ENABLE_TESTABILITY = YES;
				ENABLE_USER_SCRIPT_SANDBOXING = YES;
				GCC_C_LANGUAGE_STANDARD = gnu17;
				GCC_DYNAMIC_NO_PIC = NO;
				GCC_NO_COMMON_BLOCKS = YES;
				GCC_OPTIMIZATION_LEVEL = 0;
				GCC_PREPROCESSOR_DEFINITIONS = (
					"DEBUG=1",
					"$(inherited)",
				);
				GCC_WARN_64_TO_32_BIT_CONVERSION = YES;
				GCC_WARN_ABOUT_RETURN_TYPE = YES_ERROR;
				GCC_WARN_UNDECLARED_SELECTOR = YES;
				GCC_WARN_UNINITIALIZED_AUTOS = YES_AGGRESSIVE;
				GCC_WARN_UNUSED_FUNCTION = YES;
				GCC_WARN_UNUSED_VARIABLE = YES;
				LOCALIZATION_PREFERS_STRING_CATALOGS = YES;
				MTL_ENABLE_DEBUG_INFO = INCLUDE_SOURCE;
				MTL_FAST_MATH = YES;
				ONLY_ACTIVE_ARCH = YES;
				SWIFT_ACTIVE_COMPILATION_CONDITIONS = "DEBUG $(inherited)";
				SWIFT_OPTIMIZATION_LEVEL = "-Onone";
			};
			name = Debug;
		};
		837CEFC02D4D44DA002D788F /* Release */ = {
			isa = XCBuildConfiguration;
			buildSettings = {
				ALWAYS_SEARCH_USER_PATHS = NO;
				ASSETCATALOG_COMPILER_GENERATE_SWIFT_ASSET_SYMBOL_EXTENSIONS = YES;
				CLANG_ANALYZER_NONNULL = YES;
				CLANG_ANALYZER_NUMBER_OBJECT_CONVERSION = YES_AGGRESSIVE;
				CLANG_CXX_LANGUAGE_STANDARD = "gnu++20";
				CLANG_ENABLE_MODULES = YES;
				CLANG_ENABLE_OBJC_ARC = YES;
				CLANG_ENABLE_OBJC_WEAK = YES;
				CLANG_WARN_BLOCK_CAPTURE_AUTORELEASING = YES;
				CLANG_WARN_BOOL_CONVERSION = YES;
				CLANG_WARN_COMMA = YES;
				CLANG_WARN_CONSTANT_CONVERSION = YES;
				CLANG_WARN_DEPRECATED_OBJC_IMPLEMENTATIONS = YES;
				CLANG_WARN_DIRECT_OBJC_ISA_USAGE = YES_ERROR;
				CLANG_WARN_DOCUMENTATION_COMMENTS = YES;
				CLANG_WARN_EMPTY_BODY = YES;
				CLANG_WARN_ENUM_CONVERSION = YES;
				CLANG_WARN_INFINITE_RECURSION = YES;
				CLANG_WARN_INT_CONVERSION = YES;
				CLANG_WARN_NON_LITERAL_NULL_CONVERSION = YES;
				CLANG_WARN_OBJC_IMPLICIT_RETAIN_SELF = YES;
				CLANG_WARN_OBJC_LITERAL_CONVERSION = YES;
				CLANG_WARN_OBJC_ROOT_CLASS = YES_ERROR;
				CLANG_WARN_QUOTED_INCLUDE_IN_FRAMEWORK_HEADER = YES;
				CLANG_WARN_RANGE_LOOP_ANALYSIS = YES;
				CLANG_WARN_STRICT_PROTOTYPES = YES;
				CLANG_WARN_SUSPICIOUS_MOVE = YES;
				CLANG_WARN_UNGUARDED_AVAILABILITY = YES_AGGRESSIVE;
				CLANG_WARN_UNREACHABLE_CODE = YES;
				CLANG_WARN__DUPLICATE_METHOD_MATCH = YES;
				COPY_PHASE_STRIP = NO;
				DEBUG_INFORMATION_FORMAT = "dwarf-with-dsym";
				ENABLE_NS_ASSERTIONS = NO;
				ENABLE_STRICT_OBJC_MSGSEND = YES;
				ENABLE_USER_SCRIPT_SANDBOXING = YES;
				GCC_C_LANGUAGE_STANDARD = gnu17;
				GCC_NO_COMMON_BLOCKS = YES;
				GCC_WARN_64_TO_32_BIT_CONVERSION = YES;
				GCC_WARN_ABOUT_RETURN_TYPE = YES_ERROR;
				GCC_WARN_UNDECLARED_SELECTOR = YES;
				GCC_WARN_UNINITIALIZED_AUTOS = YES_AGGRESSIVE;
				GCC_WARN_UNUSED_FUNCTION = YES;
				GCC_WARN_UNUSED_VARIABLE = YES;
				LOCALIZATION_PREFERS_STRING_CATALOGS = YES;
				MTL_ENABLE_DEBUG_INFO = NO;
				MTL_FAST_MATH = YES;
				SWIFT_COMPILATION_MODE = wholemodule;
			};
			name = Release;
		};
		837CEFC22D4D44DA002D788F /* Debug */ = {
			isa = XCBuildConfiguration;
			buildSettings = {
				ASSETCATALOG_COMPILER_APPICON_NAME = AppIcon;
				ASSETCATALOG_COMPILER_GLOBAL_ACCENT_COLOR_NAME = AccentColor;
				CODE_SIGN_ENTITLEMENTS = "RickAndMorty-SwiftUI/RickAndMorty_SwiftUI.entitlements";
				CODE_SIGN_STYLE = Automatic;
				CURRENT_PROJECT_VERSION = 1;
				DEVELOPMENT_ASSET_PATHS = "\"RickAndMorty-SwiftUI/Preview Content\"";
				DEVELOPMENT_TEAM = CHLU9334PL;
				ENABLE_HARDENED_RUNTIME = YES;
				ENABLE_PREVIEWS = YES;
				GENERATE_INFOPLIST_FILE = YES;
				"INFOPLIST_KEY_UIApplicationSceneManifest_Generation[sdk=iphoneos*]" = YES;
				"INFOPLIST_KEY_UIApplicationSceneManifest_Generation[sdk=iphonesimulator*]" = YES;
				"INFOPLIST_KEY_UIApplicationSupportsIndirectInputEvents[sdk=iphoneos*]" = YES;
				"INFOPLIST_KEY_UIApplicationSupportsIndirectInputEvents[sdk=iphonesimulator*]" = YES;
				"INFOPLIST_KEY_UILaunchScreen_Generation[sdk=iphoneos*]" = YES;
				"INFOPLIST_KEY_UILaunchScreen_Generation[sdk=iphonesimulator*]" = YES;
				"INFOPLIST_KEY_UIStatusBarStyle[sdk=iphoneos*]" = UIStatusBarStyleDefault;
				"INFOPLIST_KEY_UIStatusBarStyle[sdk=iphonesimulator*]" = UIStatusBarStyleDefault;
				INFOPLIST_KEY_UISupportedInterfaceOrientations = UIInterfaceOrientationPortrait;
				INFOPLIST_KEY_UISupportedInterfaceOrientations_iPad = "UIInterfaceOrientationPortrait UIInterfaceOrientationPortraitUpsideDown";
				IPHONEOS_DEPLOYMENT_TARGET = 17.0;
				LD_RUNPATH_SEARCH_PATHS = "@executable_path/Frameworks";
				"LD_RUNPATH_SEARCH_PATHS[sdk=macosx*]" = "@executable_path/../Frameworks";
				MACOSX_DEPLOYMENT_TARGET = 15.2;
				MARKETING_VERSION = 1.0;
				PRODUCT_BUNDLE_IDENTIFIER = "com.AtalayaSoft.RickAndMorty-SwiftUI";
				PRODUCT_NAME = "$(TARGET_NAME)";
				SDKROOT = auto;
				SUPPORTED_PLATFORMS = "iphoneos iphonesimulator";
				SUPPORTS_MACCATALYST = NO;
				SWIFT_EMIT_LOC_STRINGS = YES;
				SWIFT_VERSION = 5.0;
				TARGETED_DEVICE_FAMILY = "1,2";
				XROS_DEPLOYMENT_TARGET = 2.2;
			};
			name = Debug;
		};
		837CEFC32D4D44DA002D788F /* Release */ = {
			isa = XCBuildConfiguration;
			buildSettings = {
				ASSETCATALOG_COMPILER_APPICON_NAME = AppIcon;
				ASSETCATALOG_COMPILER_GLOBAL_ACCENT_COLOR_NAME = AccentColor;
				CODE_SIGN_ENTITLEMENTS = "RickAndMorty-SwiftUI/RickAndMorty_SwiftUI.entitlements";
				CODE_SIGN_STYLE = Automatic;
				CURRENT_PROJECT_VERSION = 1;
				DEVELOPMENT_ASSET_PATHS = "\"RickAndMorty-SwiftUI/Preview Content\"";
				DEVELOPMENT_TEAM = CHLU9334PL;
				ENABLE_HARDENED_RUNTIME = YES;
				ENABLE_PREVIEWS = YES;
				GENERATE_INFOPLIST_FILE = YES;
				"INFOPLIST_KEY_UIApplicationSceneManifest_Generation[sdk=iphoneos*]" = YES;
				"INFOPLIST_KEY_UIApplicationSceneManifest_Generation[sdk=iphonesimulator*]" = YES;
				"INFOPLIST_KEY_UIApplicationSupportsIndirectInputEvents[sdk=iphoneos*]" = YES;
				"INFOPLIST_KEY_UIApplicationSupportsIndirectInputEvents[sdk=iphonesimulator*]" = YES;
				"INFOPLIST_KEY_UILaunchScreen_Generation[sdk=iphoneos*]" = YES;
				"INFOPLIST_KEY_UILaunchScreen_Generation[sdk=iphonesimulator*]" = YES;
				"INFOPLIST_KEY_UIStatusBarStyle[sdk=iphoneos*]" = UIStatusBarStyleDefault;
				"INFOPLIST_KEY_UIStatusBarStyle[sdk=iphonesimulator*]" = UIStatusBarStyleDefault;
				INFOPLIST_KEY_UISupportedInterfaceOrientations = UIInterfaceOrientationPortrait;
				INFOPLIST_KEY_UISupportedInterfaceOrientations_iPad = "UIInterfaceOrientationPortrait UIInterfaceOrientationPortraitUpsideDown";
				IPHONEOS_DEPLOYMENT_TARGET = 17.0;
				LD_RUNPATH_SEARCH_PATHS = "@executable_path/Frameworks";
				"LD_RUNPATH_SEARCH_PATHS[sdk=macosx*]" = "@executable_path/../Frameworks";
				MACOSX_DEPLOYMENT_TARGET = 15.2;
				MARKETING_VERSION = 1.0;
				PRODUCT_BUNDLE_IDENTIFIER = "com.AtalayaSoft.RickAndMorty-SwiftUI";
				PRODUCT_NAME = "$(TARGET_NAME)";
				SDKROOT = auto;
				SUPPORTED_PLATFORMS = "iphoneos iphonesimulator";
				SUPPORTS_MACCATALYST = NO;
				SWIFT_EMIT_LOC_STRINGS = YES;
				SWIFT_VERSION = 5.0;
				TARGETED_DEVICE_FAMILY = "1,2";
				XROS_DEPLOYMENT_TARGET = 2.2;
			};
			name = Release;
		};
		837CEFC52D4D44DA002D788F /* Debug */ = {
			isa = XCBuildConfiguration;
			buildSettings = {
				BUNDLE_LOADER = "$(TEST_HOST)";
				CODE_SIGN_STYLE = Automatic;
				CURRENT_PROJECT_VERSION = 1;
				DEVELOPMENT_TEAM = CHLU9334PL;
				GENERATE_INFOPLIST_FILE = YES;
				IPHONEOS_DEPLOYMENT_TARGET = 18.2;
				MACOSX_DEPLOYMENT_TARGET = 15.2;
				MARKETING_VERSION = 1.0;
				PRODUCT_BUNDLE_IDENTIFIER = "com.AtalayaSoft.RickAndMorty-SwiftUITests";
				PRODUCT_NAME = "$(TARGET_NAME)";
				SDKROOT = auto;
				SUPPORTED_PLATFORMS = "iphoneos iphonesimulator macosx xros xrsimulator";
				SWIFT_EMIT_LOC_STRINGS = NO;
				SWIFT_VERSION = 5.0;
				TARGETED_DEVICE_FAMILY = "1,2,7";
				TEST_HOST = "$(BUILT_PRODUCTS_DIR)/RickAndMorty-SwiftUI.app/$(BUNDLE_EXECUTABLE_FOLDER_PATH)/RickAndMorty-SwiftUI";
				XROS_DEPLOYMENT_TARGET = 2.2;
			};
			name = Debug;
		};
		837CEFC62D4D44DA002D788F /* Release */ = {
			isa = XCBuildConfiguration;
			buildSettings = {
				BUNDLE_LOADER = "$(TEST_HOST)";
				CODE_SIGN_STYLE = Automatic;
				CURRENT_PROJECT_VERSION = 1;
				DEVELOPMENT_TEAM = CHLU9334PL;
				GENERATE_INFOPLIST_FILE = YES;
				IPHONEOS_DEPLOYMENT_TARGET = 18.2;
				MACOSX_DEPLOYMENT_TARGET = 15.2;
				MARKETING_VERSION = 1.0;
				PRODUCT_BUNDLE_IDENTIFIER = "com.AtalayaSoft.RickAndMorty-SwiftUITests";
				PRODUCT_NAME = "$(TARGET_NAME)";
				SDKROOT = auto;
				SUPPORTED_PLATFORMS = "iphoneos iphonesimulator macosx xros xrsimulator";
				SWIFT_EMIT_LOC_STRINGS = NO;
				SWIFT_VERSION = 5.0;
				TARGETED_DEVICE_FAMILY = "1,2,7";
				TEST_HOST = "$(BUILT_PRODUCTS_DIR)/RickAndMorty-SwiftUI.app/$(BUNDLE_EXECUTABLE_FOLDER_PATH)/RickAndMorty-SwiftUI";
				XROS_DEPLOYMENT_TARGET = 2.2;
			};
			name = Release;
		};
		837CEFC82D4D44DA002D788F /* Debug */ = {
			isa = XCBuildConfiguration;
			buildSettings = {
				CODE_SIGN_STYLE = Automatic;
				CURRENT_PROJECT_VERSION = 1;
				DEVELOPMENT_TEAM = CHLU9334PL;
				GENERATE_INFOPLIST_FILE = YES;
				IPHONEOS_DEPLOYMENT_TARGET = 18.2;
				MACOSX_DEPLOYMENT_TARGET = 15.2;
				MARKETING_VERSION = 1.0;
				PRODUCT_BUNDLE_IDENTIFIER = "com.AtalayaSoft.RickAndMorty-SwiftUIUITests";
				PRODUCT_NAME = "$(TARGET_NAME)";
				SDKROOT = auto;
				SUPPORTED_PLATFORMS = "iphoneos iphonesimulator macosx xros xrsimulator";
				SWIFT_EMIT_LOC_STRINGS = NO;
				SWIFT_VERSION = 5.0;
				TARGETED_DEVICE_FAMILY = "1,2,7";
				TEST_TARGET_NAME = "RickAndMorty-SwiftUI";
				XROS_DEPLOYMENT_TARGET = 2.2;
			};
			name = Debug;
		};
		837CEFC92D4D44DA002D788F /* Release */ = {
			isa = XCBuildConfiguration;
			buildSettings = {
				CODE_SIGN_STYLE = Automatic;
				CURRENT_PROJECT_VERSION = 1;
				DEVELOPMENT_TEAM = CHLU9334PL;
				GENERATE_INFOPLIST_FILE = YES;
				IPHONEOS_DEPLOYMENT_TARGET = 18.2;
				MACOSX_DEPLOYMENT_TARGET = 15.2;
				MARKETING_VERSION = 1.0;
				PRODUCT_BUNDLE_IDENTIFIER = "com.AtalayaSoft.RickAndMorty-SwiftUIUITests";
				PRODUCT_NAME = "$(TARGET_NAME)";
				SDKROOT = auto;
				SUPPORTED_PLATFORMS = "iphoneos iphonesimulator macosx xros xrsimulator";
				SWIFT_EMIT_LOC_STRINGS = NO;
				SWIFT_VERSION = 5.0;
				TARGETED_DEVICE_FAMILY = "1,2,7";
				TEST_TARGET_NAME = "RickAndMorty-SwiftUI";
				XROS_DEPLOYMENT_TARGET = 2.2;
			};
			name = Release;
		};
/* End XCBuildConfiguration section */

/* Begin XCConfigurationList section */
		837CEF972D4D44D8002D788F /* Build configuration list for PBXProject "RickAndMorty-SwiftUI" */ = {
			isa = XCConfigurationList;
			buildConfigurations = (
				837CEFBF2D4D44DA002D788F /* Debug */,
				837CEFC02D4D44DA002D788F /* Release */,
			);
			defaultConfigurationIsVisible = 0;
			defaultConfigurationName = Release;
		};
		837CEFC12D4D44DA002D788F /* Build configuration list for PBXNativeTarget "RickAndMorty-SwiftUI" */ = {
			isa = XCConfigurationList;
			buildConfigurations = (
				837CEFC22D4D44DA002D788F /* Debug */,
				837CEFC32D4D44DA002D788F /* Release */,
			);
			defaultConfigurationIsVisible = 0;
			defaultConfigurationName = Release;
		};
		837CEFC42D4D44DA002D788F /* Build configuration list for PBXNativeTarget "RickAndMorty-SwiftUITests" */ = {
			isa = XCConfigurationList;
			buildConfigurations = (
				837CEFC52D4D44DA002D788F /* Debug */,
				837CEFC62D4D44DA002D788F /* Release */,
			);
			defaultConfigurationIsVisible = 0;
			defaultConfigurationName = Release;
		};
		837CEFC72D4D44DA002D788F /* Build configuration list for PBXNativeTarget "RickAndMorty-SwiftUIUITests" */ = {
			isa = XCConfigurationList;
			buildConfigurations = (
				837CEFC82D4D44DA002D788F /* Debug */,
				837CEFC92D4D44DA002D788F /* Release */,
			);
			defaultConfigurationIsVisible = 0;
			defaultConfigurationName = Release;
		};
/* End XCConfigurationList section */
	};
	rootObject = 837CEF942D4D44D8002D788F /* Project object */;
}
